
Microsoft Visual Studio Solution File, Format Version 12.00
# Visual Studio Version 16
VisualStudioVersion = 16.0.31911.196
MinimumVisualStudioVersion = 10.0.40219.1
Project("{FAE04EC0-301F-11D3-BF4B-00C04F79EFBC}") = "Etat_civile", "Etat_civile\Etat_civile.csproj", "{B3B9F20D-B570-4084-B60F-AB52A25348BF}"
EndProject
Global
	GlobalSection(SolutionConfigurationPlatforms) = preSolution
		Debug|Any CPU = Debug|Any CPU
		Debug|x64 = Debug|x64
		Release|Any CPU = Release|Any CPU
		Release|x64 = Release|x64
	EndGlobalSection
	GlobalSection(ProjectConfigurationPlatforms) = postSolution
		{B3B9F20D-B570-4084-B60F-AB52A25348BF}.Debug|Any CPU.ActiveCfg = Debug|Any CPU
		{B3B9F20D-B570-4084-B60F-AB52A25348BF}.Debug|Any CPU.Build.0 = Debug|Any CPU
		{B3B9F20D-B570-4084-B60F-AB52A25348BF}.Debug|x64.ActiveCfg = Debug|x64
		{B3B9F20D-B570-4084-B60F-AB52A25348BF}.Debug|x64.Build.0 = Debug|x64
		{B3B9F20D-B570-4084-B60F-AB52A25348BF}.Release|Any CPU.ActiveCfg = Release|Any CPU
		{B3B9F20D-B570-4084-B60F-AB52A25348BF}.Release|Any CPU.Build.0 = Release|Any CPU
		{B3B9F20D-B570-4084-B60F-AB52A25348BF}.Release|x64.ActiveCfg = Release|x64
		{B3B9F20D-B570-4084-B60F-AB52A25348BF}.Release|x64.Build.0 = Release|x64
	EndGlobalSection
	GlobalSection(SolutionProperties) = preSolution
		HideSolutionNode = FALSE
	EndGlobalSection
	GlobalSection(ExtensibilityGlobals) = postSolution
		SolutionGuid = {AE42379B-85AC-4F8F-B6B3-E71CFB97604B}
	EndGlobalSection
EndGlobal
